{
	"name": "kody-mail-bridge",
	"version": "0.1.0",
	"lockfileVersion": 3,
	"requires": true,
	"packages": {
		"": {
			"name": "kody-mail-bridge",
			"version": "0.1.0",
			"license": "FSL-1.1-ALv2",
			"dependencies": {
				"nodemailer": "10.0.8",
				"smtp-server": "3.19.11"
			},
			"engines": {
				"node": ">=22"
			}
		},
		"node_modules/ipv6-normalize": {
			"version": "1.0.1",
			"resolved": "https://registry.npmjs.org/ipv6-normalize/-/ipv6-normalize-1.0.1.tgz",
			"integrity": "sha512-Bm6H79i01DjgGTCWjUuCjJ6QDo1HB96PT/xCYuyJUP9WFbVDrLSbG4EZCvOCun2rNswZb0c3e4Jt/ws795esHA==",
			"license": "MIT"
		},
		"node_modules/nodemailer": {
			"version": "10.0.8",
			"resolved": "https://registry.npmjs.org/nodemailer/-/nodemailer-10.0.8.tgz",
			"integrity": "sha512-uCZ0AtFDI46sHwJ6mhwNuIoA/KiTC0ZCzX7g01941+H9VMIXEiZjtgjQkzoBRTeQba0cIrKfwk31q99PfcIMRw==",
			"license": "MIT-0",
			"engines": {
				"node": ">=20.0.0"
			}
		},
		"node_modules/punycode.js": {
			"version": "2.3.1",
			"resolved": "https://registry.npmjs.org/punycode.js/-/punycode.js-2.3.1.tgz",
			"integrity": "sha512-uxFIHU0YlHYhDQtV4R9J6a52SLx28BCjT+4ieh7IGbgwVJWO+km431c4yRlREUAsAmt/uMjQUyQHNEPf0M39CA==",
			"license": "MIT",
			"engines": {
				"node": ">=6"
			}
		},
		"node_modules/smtp-server": {
			"version": "3.19.11",
			"resolved": "https://registry.npmjs.org/smtp-server/-/smtp-server-3.19.11.tgz",
			"integrity": "sha512-WJb7oVhS3n1oUZfzWVF5MUMZpUGU5utagVIyEPUDYNGNFsjVxquXPlzO4kYob6oTab3wXDcE353yyWV96d8HWg==",
			"license": "MIT-0",
			"dependencies": {
				"ipv6-normalize": "1.0.1",
				"nodemailer": "10.0.8",
				"punycode.js": "2.3.1"
			},
			"engines": {
				"node": ">=20.0.0"
			}
		}
	}
}
